
Microsoft Visual Studio Solution File, Format Version 12.00
# Visual Studio Version 16
VisualStudioVersion = 16.0.31005.135
MinimumVisualStudioVersion = 10.0.40219.1
Project("{FAE04EC0-301F-11D3-BF4B-00C04F79EFBC}") = "Exercise7", "Exercise7\Exercise7.csproj", "{AD0832E1-1BBE-4643-88EE-E1C434BF5E9B}"
EndProject
Global
	GlobalSection(SolutionConfigurationPlatforms) = preSolution
		Debug|Any CPU = Debug|Any CPU
		Release|Any CPU = Release|Any CPU
	EndGlobalSection
	GlobalSection(ProjectConfigurationPlatforms) = postSolution
		{AD0832E1-1BBE-4643-88EE-E1C434BF5E9B}.Debug|Any CPU.ActiveCfg = Debug|Any CPU
		{AD0832E1-1BBE-4643-88EE-E1C434BF5E9B}.Debug|Any CPU.Build.0 = Debug|Any CPU
		{AD0832E1-1BBE-4643-88EE-E1C434BF5E9B}.Release|Any CPU.ActiveCfg = Release|Any CPU
		{AD0832E1-1BBE-4643-88EE-E1C434BF5E9B}.Release|Any CPU.Build.0 = Release|Any CPU
	EndGlobalSection
	GlobalSection(SolutionProperties) = preSolution
		HideSolutionNode = FALSE
	EndGlobalSection
	GlobalSection(ExtensibilityGlobals) = postSolution
		SolutionGuid = {9DFCF48C-D34C-444B-AF6F-514320D77E29}
	EndGlobalSection
EndGlobal
