
Microsoft Visual Studio Solution File, Format Version 12.00
# Visual Studio Version 16
VisualStudioVersion = 16.0.31005.135
MinimumVisualStudioVersion = 10.0.40219.1
Project("{FAE04EC0-301F-11D3-BF4B-00C04F79EFBC}") = "Exercise1", "Exercise1\Exercise1.csproj", "{304DC66A-9351-49ED-9B11-E687183AA343}"
EndProject
Global
	GlobalSection(SolutionConfigurationPlatforms) = preSolution
		Debug|Any CPU = Debug|Any CPU
		Release|Any CPU = Release|Any CPU
	EndGlobalSection
	GlobalSection(ProjectConfigurationPlatforms) = postSolution
		{304DC66A-9351-49ED-9B11-E687183AA343}.Debug|Any CPU.ActiveCfg = Debug|Any CPU
		{304DC66A-9351-49ED-9B11-E687183AA343}.Debug|Any CPU.Build.0 = Debug|Any CPU
		{304DC66A-9351-49ED-9B11-E687183AA343}.Release|Any CPU.ActiveCfg = Release|Any CPU
		{304DC66A-9351-49ED-9B11-E687183AA343}.Release|Any CPU.Build.0 = Release|Any CPU
	EndGlobalSection
	GlobalSection(SolutionProperties) = preSolution
		HideSolutionNode = FALSE
	EndGlobalSection
	GlobalSection(ExtensibilityGlobals) = postSolution
		SolutionGuid = {D3CA12F5-2334-4823-8ED5-B1CEB24291BB}
	EndGlobalSection
EndGlobal
